schema: '2.0'
stages:
  make_dataset:
    cmd: poetry run python -m src.data.make_dataset data/interim/dataset.pickle
    deps:
    - path: src/data/make_dataset.py
      md5: a0929b84d0b1f7f1b81ce84175272106
      size: 1327
    outs:
    - path: data/interim/dataset.pickle
      md5: 54dac179544891f1d8ec4475800fd742
      size: 18253
