schema: '2.0'
stages:
  make_dataset:
    cmd: poetry run python -m src.data.make_dataset data/interim/dataset.pickle
    deps:
    - path: src/data/make_dataset.py
      md5: 4ce25f00ab6af097444e3761d47ea781
      size: 1887
    outs:
    - path: data/interim/dataset.pickle
      md5: d95d8d5e568790e7b031e867412eb257
      size: 18263
  sampling:
    cmd: poetry run python -m src.models.sampling data/interim/observed.pickle data/interim/model_and_trace.pickle
      --n_tune=1000 --n_sampling=2000 --n_chains=4
    deps:
    - path: data/interim/observed.pickle
      md5: d95d8d5e568790e7b031e867412eb257
      size: 18263
    - path: src/models/sampling.py
      md5: 0131cca1b314a452bbf926393892eee9
      size: 3032
    outs:
    - path: data/interim/model_and_trace.pickle
      md5: 425e7e4459b358b4fe238f71cc25373d
      size: 533123
  visualization:
    cmd: poetry run python -m src.visualization.visualize data/interim/model_and_trace.pickle
      data/interim/observed.pickle data/processed/result/
    deps:
    - path: data/interim/model_and_trace.pickle
      md5: 425e7e4459b358b4fe238f71cc25373d
      size: 533123
    - path: data/interim/observed.pickle
      md5: d95d8d5e568790e7b031e867412eb257
      size: 18263
    - path: src/utils.py
      md5: 92cc1864852648a9cbe0d446d328e2cd
      size: 934
    - path: src/visualization/visualize.py
      md5: 16fe9e728712b053ca8ced216b46b40b
      size: 13072
    outs:
    - path: data/processed/result/
      md5: fe43ad9cfa6b047ef4932e8e4403c088.dir
      size: 15801
      nfiles: 3
  make_observed:
    cmd: poetry run python -m src.data.make_observed data/interim/observed.pickle
    deps:
    - path: src/data/make_observed.py
      md5: 4ce25f00ab6af097444e3761d47ea781
      size: 1887
    outs:
    - path: data/interim/observed.pickle
      md5: d95d8d5e568790e7b031e867412eb257
      size: 18263
